
Microsoft Visual Studio Solution File, Format Version 12.00
# Visual Studio Version 17
VisualStudioVersion = 17.6.33815.320
MinimumVisualStudioVersion = 10.0.40219.1
Project("{FAE04EC0-301F-11D3-BF4B-00C04F79EFBC}") = "InventorySystem_Dekan-Peterson", "InventorySystem_Dekan-Peterson.csproj", "{F84DF542-2835-45DF-A9AB-268560B6DF97}"
EndProject
Global
	GlobalSection(SolutionConfigurationPlatforms) = preSolution
		Debug|Any CPU = Debug|Any CPU
		Release|Any CPU = Release|Any CPU
	EndGlobalSection
	GlobalSection(ProjectConfigurationPlatforms) = postSolution
		{F84DF542-2835-45DF-A9AB-268560B6DF97}.Debug|Any CPU.ActiveCfg = Debug|Any CPU
		{F84DF542-2835-45DF-A9AB-268560B6DF97}.Debug|Any CPU.Build.0 = Debug|Any CPU
		{F84DF542-2835-45DF-A9AB-268560B6DF97}.Release|Any CPU.ActiveCfg = Release|Any CPU
		{F84DF542-2835-45DF-A9AB-268560B6DF97}.Release|Any CPU.Build.0 = Release|Any CPU
	EndGlobalSection
	GlobalSection(SolutionProperties) = preSolution
		HideSolutionNode = FALSE
	EndGlobalSection
	GlobalSection(ExtensibilityGlobals) = postSolution
		SolutionGuid = {924C8BF4-D862-449F-904B-2D39E4C5C3A8}
	EndGlobalSection
EndGlobal
